# THIS IS AN AUTOGENERATED FILE. DO NOT EDIT THIS FILE DIRECTLY.
# yarn lockfile v1


"js-tokens@^3.0.0 || ^4.0.0":
  version "4.0.0"
  resolved "https://registry.npmjs.org/js-tokens/-/js-tokens-4.0.0.tgz#19203fb59991df98e3a287050d4647cdeaf32499"

keymirror@0.1.1:
  version "0.1.1"
  resolved "https://registry.npmjs.org/keymirror/-/keymirror-0.1.1.tgz#918889ea13f8d0a42e7c557250eee713adc95c35"

lodash@^4.17.4:
  version "4.17.11"
  resolved "https://registry.npmjs.org/lodash/-/lodash-4.17.11.tgz#b39ea6229ef607ecd89e2c8df12536891cac9b8d"

loose-envify@^1.3.1:
  version "1.4.0"
  resolved "https://registry.npmjs.org/loose-envify/-/loose-envify-1.4.0.tgz#71ee51fa7be4caec1a63839f7e682d8132d30caf"
  dependencies:
    js-tokens "^3.0.0 || ^4.0.0"

object-assign@^4.1.1:
  version "4.1.1"
  resolved "https://registry.npmjs.org/object-assign/-/object-assign-4.1.1.tgz#2109adc7965887cfc05cbbd442cac8bfbb360863"

prop-types@^15.5.10:
  version "15.6.2"
  resolved "https://registry.npmjs.org/prop-types/-/prop-types-15.6.2.tgz#05d5ca77b4453e985d60fc7ff8c859094a497102"
  dependencies:
    loose-envify "^1.3.1"
    object-assign "^4.1.1"

react-native-camera@^1.2.0:
  version "1.2.0"
  resolved "https://registry.npmjs.org/react-native-camera/-/react-native-camera-1.2.0.tgz#fa93b39726d15bdbb02fac06f4a23957b0be403a"
  dependencies:
    lodash "^4.17.4"
    prop-types "^15.5.10"

react-native-general-siblings@^1.0.0:
  version "1.0.0"
  resolved "https://registry.npmjs.org/react-native-general-siblings/-/react-native-general-siblings-1.0.0.tgz#fe19d2fb589fd482bedcf5e725d3855060c7febd"
  dependencies:
    static-container "^1.0.0"

react-native-general-toast@^1.0.0:
  version "1.0.0"
  resolved "https://registry.npmjs.org/react-native-general-toast/-/react-native-general-toast-1.0.0.tgz#22ff774a72bcfcaa14a2c0bf4c5d293c23347c54"
  dependencies:
    react-native-general-siblings "^1.0.0"

react-native-iphone-x-helper@^1.1.0:
  version "1.1.0"
  resolved "https://registry.npmjs.org/react-native-iphone-x-helper/-/react-native-iphone-x-helper-1.1.0.tgz#3a881720900bd8d1c67de2c465ea9aa9296180a7"

react-native-pure-navigation-bar@^1.2.6:
  version "1.2.6"
  resolved "https://registry.npmjs.org/react-native-pure-navigation-bar/-/react-native-pure-navigation-bar-1.2.6.tgz#5ef8c6aef01cb9a7222bba8f93a6fc76c0e65663"
  dependencies:
    react-native-iphone-x-helper "^1.1.0"

react-native-video@^3.2.1:
  version "3.2.1"
  resolved "https://registry.npmjs.org/react-native-video/-/react-native-video-3.2.1.tgz#7ba3cbdfc5c747b5b00452811e98193824b16ce3"
  dependencies:
    keymirror "0.1.1"
    prop-types "^15.5.10"

static-container@^1.0.0:
  version "1.2.0"
  resolved "https://registry.npmjs.org/static-container/-/static-container-1.2.0.tgz#1c6e92b869da47d32abe47f45f50bf39661d9c2f"
